
Microsoft Visual Studio Solution File, Format Version 12.00
# Visual Studio Version 16
VisualStudioVersion = 16.0.30717.126
MinimumVisualStudioVersion = 10.0.40219.1
Project("{FAE04EC0-301F-11D3-BF4B-00C04F79EFBC}") = "DataBaseLab3", "DataBaseLab3\DataBaseLab3.csproj", "{621ED017-8412-4E08-A271-6A7A17F680E3}"
EndProject
Global
	GlobalSection(SolutionConfigurationPlatforms) = preSolution
		Debug|Any CPU = Debug|Any CPU
		Release|Any CPU = Release|Any CPU
	EndGlobalSection
	GlobalSection(ProjectConfigurationPlatforms) = postSolution
		{621ED017-8412-4E08-A271-6A7A17F680E3}.Debug|Any CPU.ActiveCfg = Debug|Any CPU
		{621ED017-8412-4E08-A271-6A7A17F680E3}.Debug|Any CPU.Build.0 = Debug|Any CPU
		{621ED017-8412-4E08-A271-6A7A17F680E3}.Release|Any CPU.ActiveCfg = Release|Any CPU
		{621ED017-8412-4E08-A271-6A7A17F680E3}.Release|Any CPU.Build.0 = Release|Any CPU
	EndGlobalSection
	GlobalSection(SolutionProperties) = preSolution
		HideSolutionNode = FALSE
	EndGlobalSection
	GlobalSection(ExtensibilityGlobals) = postSolution
		SolutionGuid = {87DE6D7D-C311-46B4-83FD-2151FD23FD32}
	EndGlobalSection
EndGlobal
